// !$*UTF8*$!
{
	archiveVersion = 1;
	classes = {
	};
	objectVersion = 77;
	objects = {

/* Begin PBXBuildFile section */
		AE05F9832EAE055A00D726AC /* ColorSelector in Frameworks */ = {isa = PBXBuildFile; productRef = AE05F9822EAE055A00D726AC /* ColorSelector */; };
		AE0F5BAC2EAA058C00FD3427 /* Auth in Frameworks */ = {isa = PBXBuildFile; productRef = AE0F5BAB2EAA058C00FD3427 /* Auth */; };
		AE0F5BAE2EAA058C00FD3427 /* PostgREST in Frameworks */ = {isa = PBXBuildFile; productRef = AE0F5BAD2EAA058C00FD3427 /* PostgREST */; };
		AE0F5BB02EAA058C00FD3427 /* Realtime in Frameworks */ = {isa = PBXBuildFile; productRef = AE0F5BAF2EAA058C00FD3427 /* Realtime */; };
		AE0F5BB22EAA058C00FD3427 /* Supabase in Frameworks */ = {isa = PBXBuildFile; productRef = AE0F5BB12EAA058C00FD3427 /* Supabase */; };
/* End PBXBuildFile section */

/* Begin PBXContainerItemProxy section */
		AE5D89CF2EA790FE00C5A09C /* PBXContainerItemProxy */ = {
			isa = PBXContainerItemProxy;
			containerPortal = AE5D89B32EA790FC00C5A09C /* Project object */;
			proxyType = 1;
			remoteGlobalIDString = AE5D89BA2EA790FC00C5A09C;
			remoteInfo = Flyt;
		};
		AE5D89D92EA790FE00C5A09C /* PBXContainerItemProxy */ = {
			isa = PBXContainerItemProxy;
			containerPortal = AE5D89B32EA790FC00C5A09C /* Project object */;
			proxyType = 1;
			remoteGlobalIDString = AE5D89BA2EA790FC00C5A09C;
			remoteInfo = Flyt;
		};
/* End PBXContainerItemProxy section */

/* Begin PBXFileReference section */
		AE5D89BB2EA790FC00C5A09C /* Flyt.app */ = {isa = PBXFileReference; explicitFileType = wrapper.application; includeInIndex = 0; path = Flyt.app; sourceTree = BUILT_PRODUCTS_DIR; };
		AE5D89CE2EA790FE00C5A09C /* FlytTests.xctest */ = {isa = PBXFileReference; explicitFileType = wrapper.cfbundle; includeInIndex = 0; path = FlytTests.xctest; sourceTree = BUILT_PRODUCTS_DIR; };
		AE5D89D82EA790FE00C5A09C /* FlytUITests.xctest */ = {isa = PBXFileReference; explicitFileType = wrapper.cfbundle; includeInIndex = 0; path = FlytUITests.xctest; sourceTree = BUILT_PRODUCTS_DIR; };
/* End PBXFileReference section */

/* Begin PBXFileSystemSynchronizedRootGroup section */
		AE5D89BD2EA790FC00C5A09C /* Flyt */ = {
			isa = PBXFileSystemSynchronizedRootGroup;
			path = Flyt;
			sourceTree = "<group>";
		};
		AE5D89D12EA790FE00C5A09C /* FlytTests */ = {
			isa = PBXFileSystemSynchronizedRootGroup;
			path = FlytTests;
			sourceTree = "<group>";
		};
		AE5D89DB2EA790FE00C5A09C /* FlytUITests */ = {
			isa = PBXFileSystemSynchronizedRootGroup;
			path = FlytUITests;
			sourceTree = "<group>";
		};
/* End PBXFileSystemSynchronizedRootGroup section */

/* Begin PBXFrameworksBuildPhase section */
		AE5D89B82EA790FC00C5A09C /* Frameworks */ = {
			isa = PBXFrameworksBuildPhase;
			buildActionMask = 2147483647;
			files = (
				AE0F5BB22EAA058C00FD3427 /* Supabase in Frameworks */,
				AE0F5BB02EAA058C00FD3427 /* Realtime in Frameworks */,
				AE05F9832EAE055A00D726AC /* ColorSelector in Frameworks */,
				AE0F5BAE2EAA058C00FD3427 /* PostgREST in Frameworks */,
				AE0F5BAC2EAA058C00FD3427 /* Auth in Frameworks */,
			);
			runOnlyForDeploymentPostprocessing = 0;
		};
		AE5D89CB2EA790FE00C5A09C /* Frameworks */ = {
			isa = PBXFrameworksBuildPhase;
			buildActionMask = 2147483647;
			files = (
			);
			runOnlyForDeploymentPostprocessing = 0;
		};
		AE5D89D52EA790FE00C5A09C /* Frameworks */ = {
			isa = PBXFrameworksBuildPhase;
			buildActionMask = 2147483647;
			files = (
			);
			runOnlyForDeploymentPostprocessing = 0;
		};
/* End PBXFrameworksBuildPhase section */

/* Begin PBXGroup section */
		AE05F9812EAE055A00D726AC /* Frameworks */ = {
			isa = PBXGroup;
			children = (
			);
			name = Frameworks;
			sourceTree = "<group>";
		};
		AE5D89B22EA790FC00C5A09C = {
			isa = PBXGroup;
			children = (
				AE5D89BD2EA790FC00C5A09C /* Flyt */,
				AE5D89D12EA790FE00C5A09C /* FlytTests */,
				AE5D89DB2EA790FE00C5A09C /* FlytUITests */,
				AE05F9812EAE055A00D726AC /* Frameworks */,
				AE5D89BC2EA790FC00C5A09C /* Products */,
			);
			sourceTree = "<group>";
		};
		AE5D89BC2EA790FC00C5A09C /* Products */ = {
			isa = PBXGroup;
			children = (
				AE5D89BB2EA790FC00C5A09C /* Flyt.app */,
				AE5D89CE2EA790FE00C5A09C /* FlytTests.xctest */,
				AE5D89D82EA790FE00C5A09C /* FlytUITests.xctest */,
			);
			name = Products;
			sourceTree = "<group>";
		};
/* End PBXGroup section */

/* Begin PBXNativeTarget section */
		AE5D89BA2EA790FC00C5A09C /* Flyt */ = {
			isa = PBXNativeTarget;
			buildConfigurationList = AE5D89E22EA790FE00C5A09C /* Build configuration list for PBXNativeTarget "Flyt" */;
			buildPhases = (
				AE5D89B72EA790FC00C5A09C /* Sources */,
				AE5D89B82EA790FC00C5A09C /* Frameworks */,
				AE5D89B92EA790FC00C5A09C /* Resources */,
			);
			buildRules = (
			);
			dependencies = (
			);
			fileSystemSynchronizedGroups = (
				AE5D89BD2EA790FC00C5A09C /* Flyt */,
			);
			name = Flyt;
			packageProductDependencies = (
				AE0F5BAB2EAA058C00FD3427 /* Auth */,
				AE0F5BAD2EAA058C00FD3427 /* PostgREST */,
				AE0F5BAF2EAA058C00FD3427 /* Realtime */,
				AE0F5BB12EAA058C00FD3427 /* Supabase */,
				AE05F9822EAE055A00D726AC /* ColorSelector */,
			);
			productName = Flyt;
			productReference = AE5D89BB2EA790FC00C5A09C /* Flyt.app */;
			productType = "com.apple.product-type.application";
		};
		AE5D89CD2EA790FE00C5A09C /* FlytTests */ = {
			isa = PBXNativeTarget;
			buildConfigurationList = AE5D89E52EA790FE00C5A09C /* Build configuration list for PBXNativeTarget "FlytTests" */;
			buildPhases = (
				AE5D89CA2EA790FE00C5A09C /* Sources */,
				AE5D89CB2EA790FE00C5A09C /* Frameworks */,
				AE5D89CC2EA790FE00C5A09C /* Resources */,
			);
			buildRules = (
			);
			dependencies = (
				AE5D89D02EA790FE00C5A09C /* PBXTargetDependency */,
			);
			fileSystemSynchronizedGroups = (
				AE5D89D12EA790FE00C5A09C /* FlytTests */,
			);
			name = FlytTests;
			packageProductDependencies = (
			);
			productName = FlytTests;
			productReference = AE5D89CE2EA790FE00C5A09C /* FlytTests.xctest */;
			productType = "com.apple.product-type.bundle.unit-test";
		};
		AE5D89D72EA790FE00C5A09C /* FlytUITests */ = {
			isa = PBXNativeTarget;
			buildConfigurationList = AE5D89E82EA790FE00C5A09C /* Build configuration list for PBXNativeTarget "FlytUITests" */;
			buildPhases = (
				AE5D89D42EA790FE00C5A09C /* Sources */,
				AE5D89D52EA790FE00C5A09C /* Frameworks */,
				AE5D89D62EA790FE00C5A09C /* Resources */,
			);
			buildRules = (
			);
			dependencies = (
				AE5D89DA2EA790FE00C5A09C /* PBXTargetDependency */,
			);
			fileSystemSynchronizedGroups = (
				AE5D89DB2EA790FE00C5A09C /* FlytUITests */,
			);
			name = FlytUITests;
			packageProductDependencies = (
			);
			productName = FlytUITests;
			productReference = AE5D89D82EA790FE00C5A09C /* FlytUITests.xctest */;
			productType = "com.apple.product-type.bundle.ui-testing";
		};
/* End PBXNativeTarget section */

/* Begin PBXProject section */
		AE5D89B32EA790FC00C5A09C /* Project object */ = {
			isa = PBXProject;
			attributes = {
				BuildIndependentTargetsInParallel = 1;
				LastSwiftUpdateCheck = 1620;
				LastUpgradeCheck = 1620;
				TargetAttributes = {
					AE5D89BA2EA790FC00C5A09C = {
						CreatedOnToolsVersion = 16.2;
					};
					AE5D89CD2EA790FE00C5A09C = {
						CreatedOnToolsVersion = 16.2;
						TestTargetID = AE5D89BA2EA790FC00C5A09C;
					};
					AE5D89D72EA790FE00C5A09C = {
						CreatedOnToolsVersion = 16.2;
						TestTargetID = AE5D89BA2EA790FC00C5A09C;
					};
				};
			};
			buildConfigurationList = AE5D89B62EA790FC00C5A09C /* Build configuration list for PBXProject "Flyt" */;
			developmentRegion = en;
			hasScannedForEncodings = 0;
			knownRegions = (
				en,
				Base,
			);
			mainGroup = AE5D89B22EA790FC00C5A09C;
			minimizedProjectReferenceProxies = 1;
			packageReferences = (
				AE0F5BAA2EAA058C00FD3427 /* XCRemoteSwiftPackageReference "supabase-swift" */,
				AE07E11C2EAE02A100113354 /* XCRemoteSwiftPackageReference "ColorSelector" */,
			);
			preferredProjectObjectVersion = 77;
			productRefGroup = AE5D89BC2EA790FC00C5A09C /* Products */;
			projectDirPath = "";
			projectRoot = "";
			targets = (
				AE5D89BA2EA790FC00C5A09C /* Flyt */,
				AE5D89CD2EA790FE00C5A09C /* FlytTests */,
				AE5D89D72EA790FE00C5A09C /* FlytUITests */,
			);
		};
/* End PBXProject section */

/* Begin PBXResourcesBuildPhase section */
		AE5D89B92EA790FC00C5A09C /* Resources */ = {
			isa = PBXResourcesBuildPhase;
			buildActionMask = 2147483647;
			files = (
			);
			runOnlyForDeploymentPostprocessing = 0;
		};
		AE5D89CC2EA790FE00C5A09C /* Resources */ = {
			isa = PBXResourcesBuildPhase;
			buildActionMask = 2147483647;
			files = (
			);
			runOnlyForDeploymentPostprocessing = 0;
		};
		AE5D89D62EA790FE00C5A09C /* Resources */ = {
			isa = PBXResourcesBuildPhase;
			buildActionMask = 2147483647;
			files = (
			);
			runOnlyForDeploymentPostprocessing = 0;
		};
/* End PBXResourcesBuildPhase section */

/* Begin PBXSourcesBuildPhase section */
		AE5D89B72EA790FC00C5A09C /* Sources */ = {
			isa = PBXSourcesBuildPhase;
			buildActionMask = 2147483647;
			files = (
			);
			runOnlyForDeploymentPostprocessing = 0;
		};
		AE5D89CA2EA790FE00C5A09C /* Sources */ = {
			isa = PBXSourcesBuildPhase;
			buildActionMask = 2147483647;
			files = (
			);
			runOnlyForDeploymentPostprocessing = 0;
		};
		AE5D89D42EA790FE00C5A09C /* Sources */ = {
			isa = PBXSourcesBuildPhase;
			buildActionMask = 2147483647;
			files = (
			);
			runOnlyForDeploymentPostprocessing = 0;
		};
/* End PBXSourcesBuildPhase section */

/* Begin PBXTargetDependency section */
		AE5D89D02EA790FE00C5A09C /* PBXTargetDependency */ = {
			isa = PBXTargetDependency;
			target = AE5D89BA2EA790FC00C5A09C /* Flyt */;
			targetProxy = AE5D89CF2EA790FE00C5A09C /* PBXContainerItemProxy */;
		};
		AE5D89DA2EA790FE00C5A09C /* PBXTargetDependency */ = {
			isa = PBXTargetDependency;
			target = AE5D89BA2EA790FC00C5A09C /* Flyt */;
			targetProxy = AE5D89D92EA790FE00C5A09C /* PBXContainerItemProxy */;
		};
/* End PBXTargetDependency section */

/* Begin XCBuildConfiguration section */
		AE5D89E02EA790FE00C5A09C /* Debug */ = {
			isa = XCBuildConfiguration;
			buildSettings = {
				ALWAYS_SEARCH_USER_PATHS = NO;
				ASSETCATALOG_COMPILER_GENERATE_SWIFT_ASSET_SYMBOL_EXTENSIONS = YES;
				CLANG_ANALYZER_NONNULL = YES;
				CLANG_ANALYZER_NUMBER_OBJECT_CONVERSION = YES_AGGRESSIVE;
				CLANG_CXX_LANGUAGE_STANDARD = "gnu++20";
				CLANG_ENABLE_MODULES = YES;
				CLANG_ENABLE_OBJC_ARC = YES;
				CLANG_ENABLE_OBJC_WEAK = YES;
				CLANG_WARN_BLOCK_CAPTURE_AUTORELEASING = YES;
				CLANG_WARN_BOOL_CONVERSION = YES;
				CLANG_WARN_COMMA = YES;
				CLANG_WARN_CONSTANT_CONVERSION = YES;
				CLANG_WARN_DEPRECATED_OBJC_IMPLEMENTATIONS = YES;
				CLANG_WARN_DIRECT_OBJC_ISA_USAGE = YES_ERROR;
				CLANG_WARN_DOCUMENTATION_COMMENTS = YES;
				CLANG_WARN_EMPTY_BODY = YES;
				CLANG_WARN_ENUM_CONVERSION = YES;
				CLANG_WARN_INFINITE_RECURSION = YES;
				CLANG_WARN_INT_CONVERSION = YES;
				CLANG_WARN_NON_LITERAL_NULL_CONVERSION = YES;
				CLANG_WARN_OBJC_IMPLICIT_RETAIN_SELF = YES;
				CLANG_WARN_OBJC_LITERAL_CONVERSION = YES;
				CLANG_WARN_OBJC_ROOT_CLASS = YES_ERROR;
				CLANG_WARN_QUOTED_INCLUDE_IN_FRAMEWORK_HEADER = YES;
				CLANG_WARN_RANGE_LOOP_ANALYSIS = YES;
				CLANG_WARN_STRICT_PROTOTYPES = YES;
				CLANG_WARN_SUSPICIOUS_MOVE = YES;
				CLANG_WARN_UNGUARDED_AVAILABILITY = YES_AGGRESSIVE;
				CLANG_WARN_UNREACHABLE_CODE = YES;
				CLANG_WARN__DUPLICATE_METHOD_MATCH = YES;
				COPY_PHASE_STRIP = NO;
				DEBUG_INFORMATION_FORMAT = dwarf;
				ENABLE_STRICT_OBJC_MSGSEND = YES;
				ENABLE_TESTABILITY = YES;
				ENABLE_USER_SCRIPT_SANDBOXING = YES;
				GCC_C_LANGUAGE_STANDARD = gnu17;
				GCC_DYNAMIC_NO_PIC = NO;
				GCC_NO_COMMON_BLOCKS = YES;
				GCC_OPTIMIZATION_LEVEL = 0;
				GCC_PREPROCESSOR_DEFINITIONS = (
					"DEBUG=1",
					"$(inherited)",
				);
				GCC_WARN_64_TO_32_BIT_CONVERSION = YES;
				GCC_WARN_ABOUT_RETURN_TYPE = YES_ERROR;
				GCC_WARN_UNDECLARED_SELECTOR = YES;
				GCC_WARN_UNINITIALIZED_AUTOS = YES_AGGRESSIVE;
				GCC_WARN_UNUSED_FUNCTION = YES;
				GCC_WARN_UNUSED_VARIABLE = YES;
				LOCALIZATION_PREFERS_STRING_CATALOGS = YES;
				MACOSX_DEPLOYMENT_TARGET = 15.2;
				MTL_ENABLE_DEBUG_INFO = INCLUDE_SOURCE;
				MTL_FAST_MATH = YES;
				ONLY_ACTIVE_ARCH = YES;
				SDKROOT = macosx;
				SWIFT_ACTIVE_COMPILATION_CONDITIONS = "DEBUG $(inherited)";
				SWIFT_OPTIMIZATION_LEVEL = "-Onone";
			};
			name = Debug;
		};
		AE5D89E12EA790FE00C5A09C /* Release */ = {
			isa = XCBuildConfiguration;
			buildSettings = {
				ALWAYS_SEARCH_USER_PATHS = NO;
				ASSETCATALOG_COMPILER_GENERATE_SWIFT_ASSET_SYMBOL_EXTENSIONS = YES;
				CLANG_ANALYZER_NONNULL = YES;
				CLANG_ANALYZER_NUMBER_OBJECT_CONVERSION = YES_AGGRESSIVE;
				CLANG_CXX_LANGUAGE_STANDARD = "gnu++20";
				CLANG_ENABLE_MODULES = YES;
				CLANG_ENABLE_OBJC_ARC = YES;
				CLANG_ENABLE_OBJC_WEAK = YES;
				CLANG_WARN_BLOCK_CAPTURE_AUTORELEASING = YES;
				CLANG_WARN_BOOL_CONVERSION = YES;
				CLANG_WARN_COMMA = YES;
				CLANG_WARN_CONSTANT_CONVERSION = YES;
				CLANG_WARN_DEPRECATED_OBJC_IMPLEMENTATIONS = YES;
				CLANG_WARN_DIRECT_OBJC_ISA_USAGE = YES_ERROR;
				CLANG_WARN_DOCUMENTATION_COMMENTS = YES;
				CLANG_WARN_EMPTY_BODY = YES;
				CLANG_WARN_ENUM_CONVERSION = YES;
				CLANG_WARN_INFINITE_RECURSION = YES;
				CLANG_WARN_INT_CONVERSION = YES;
				CLANG_WARN_NON_LITERAL_NULL_CONVERSION = YES;
				CLANG_WARN_OBJC_IMPLICIT_RETAIN_SELF = YES;
				CLANG_WARN_OBJC_LITERAL_CONVERSION = YES;
				CLANG_WARN_OBJC_ROOT_CLASS = YES_ERROR;
				CLANG_WARN_QUOTED_INCLUDE_IN_FRAMEWORK_HEADER = YES;
				CLANG_WARN_RANGE_LOOP_ANALYSIS = YES;
				CLANG_WARN_STRICT_PROTOTYPES = YES;
				CLANG_WARN_SUSPICIOUS_MOVE = YES;
				CLANG_WARN_UNGUARDED_AVAILABILITY = YES_AGGRESSIVE;
				CLANG_WARN_UNREACHABLE_CODE = YES;
				CLANG_WARN__DUPLICATE_METHOD_MATCH = YES;
				COPY_PHASE_STRIP = NO;
				DEBUG_INFORMATION_FORMAT = "dwarf-with-dsym";
				ENABLE_NS_ASSERTIONS = NO;
				ENABLE_STRICT_OBJC_MSGSEND = YES;
				ENABLE_USER_SCRIPT_SANDBOXING = YES;
				GCC_C_LANGUAGE_STANDARD = gnu17;
				GCC_NO_COMMON_BLOCKS = YES;
				GCC_WARN_64_TO_32_BIT_CONVERSION = YES;
				GCC_WARN_ABOUT_RETURN_TYPE = YES_ERROR;
				GCC_WARN_UNDECLARED_SELECTOR = YES;
				GCC_WARN_UNINITIALIZED_AUTOS = YES_AGGRESSIVE;
				GCC_WARN_UNUSED_FUNCTION = YES;
				GCC_WARN_UNUSED_VARIABLE = YES;
				LOCALIZATION_PREFERS_STRING_CATALOGS = YES;
				MACOSX_DEPLOYMENT_TARGET = 15.2;
				MTL_ENABLE_DEBUG_INFO = NO;
				MTL_FAST_MATH = YES;
				SDKROOT = macosx;
				SWIFT_COMPILATION_MODE = wholemodule;
			};
			name = Release;
		};
		AE5D89E32EA790FE00C5A09C /* Debug */ = {
			isa = XCBuildConfiguration;
			buildSettings = {
				ASSETCATALOG_COMPILER_APPICON_NAME = Flyt;
				ASSETCATALOG_COMPILER_GLOBAL_ACCENT_COLOR_NAME = AccentColor;
				ASSETCATALOG_COMPILER_INCLUDE_ALL_APPICON_ASSETS = YES;
				CODE_SIGN_ENTITLEMENTS = Flyt/Flyt.entitlements;
				CODE_SIGN_STYLE = Automatic;
				COMBINE_HIDPI_IMAGES = YES;
				CURRENT_PROJECT_VERSION = 1;
				DEVELOPMENT_ASSET_PATHS = "\"Flyt/Preview Content\"";
				ENABLE_PREVIEWS = YES;
				GENERATE_INFOPLIST_FILE = YES;
				INFOPLIST_KEY_CFBundleDisplayName = Flyt;
				INFOPLIST_KEY_LSApplicationCategoryType = "public.app-category.utilities";
				INFOPLIST_KEY_NSHumanReadableCopyright = "";
				LD_RUNPATH_SEARCH_PATHS = (
					"$(inherited)",
					"@executable_path/../Frameworks",
				);
				MACOSX_DEPLOYMENT_TARGET = 14.0;
				MARKETING_VERSION = 0.0.1;
				PRODUCT_BUNDLE_IDENTIFIER = void2610.Flyt;
				PRODUCT_NAME = "$(TARGET_NAME)";
				SWIFT_EMIT_LOC_STRINGS = YES;
				SWIFT_VERSION = 5.0;
			};
			name = Debug;
		};
		AE5D89E42EA790FE00C5A09C /* Release */ = {
			isa = XCBuildConfiguration;
			buildSettings = {
				ASSETCATALOG_COMPILER_APPICON_NAME = Flyt;
				ASSETCATALOG_COMPILER_GLOBAL_ACCENT_COLOR_NAME = AccentColor;
				ASSETCATALOG_COMPILER_INCLUDE_ALL_APPICON_ASSETS = YES;
				CODE_SIGN_ENTITLEMENTS = Flyt/Flyt.entitlements;
				CODE_SIGN_STYLE = Automatic;
				COMBINE_HIDPI_IMAGES = YES;
				CURRENT_PROJECT_VERSION = 1;
				DEVELOPMENT_ASSET_PATHS = "\"Flyt/Preview Content\"";
				ENABLE_PREVIEWS = YES;
				GENERATE_INFOPLIST_FILE = YES;
				INFOPLIST_KEY_CFBundleDisplayName = Flyt;
				INFOPLIST_KEY_LSApplicationCategoryType = "public.app-category.utilities";
				INFOPLIST_KEY_NSHumanReadableCopyright = "";
				LD_RUNPATH_SEARCH_PATHS = (
					"$(inherited)",
					"@executable_path/../Frameworks",
				);
				MACOSX_DEPLOYMENT_TARGET = 14.0;
				MARKETING_VERSION = 0.0.1;
				PRODUCT_BUNDLE_IDENTIFIER = void2610.Flyt;
				PRODUCT_NAME = "$(TARGET_NAME)";
				SWIFT_EMIT_LOC_STRINGS = YES;
				SWIFT_VERSION = 5.0;
			};
			name = Release;
		};
		AE5D89E62EA790FE00C5A09C /* Debug */ = {
			isa = XCBuildConfiguration;
			buildSettings = {
				BUNDLE_LOADER = "$(TEST_HOST)";
				CODE_SIGN_STYLE = Automatic;
				CURRENT_PROJECT_VERSION = 1;
				GENERATE_INFOPLIST_FILE = YES;
				MACOSX_DEPLOYMENT_TARGET = 14.0;
				MARKETING_VERSION = 1.0;
				PRODUCT_BUNDLE_IDENTIFIER = void2610.FlytTests;
				PRODUCT_NAME = "$(TARGET_NAME)";
				SWIFT_EMIT_LOC_STRINGS = NO;
				SWIFT_VERSION = 5.0;
				TEST_HOST = "$(BUILT_PRODUCTS_DIR)/Flyt.app/$(BUNDLE_EXECUTABLE_FOLDER_PATH)/Flyt";
			};
			name = Debug;
		};
		AE5D89E72EA790FE00C5A09C /* Release */ = {
			isa = XCBuildConfiguration;
			buildSettings = {
				BUNDLE_LOADER = "$(TEST_HOST)";
				CODE_SIGN_STYLE = Automatic;
				CURRENT_PROJECT_VERSION = 1;
				GENERATE_INFOPLIST_FILE = YES;
				MACOSX_DEPLOYMENT_TARGET = 14.0;
				MARKETING_VERSION = 1.0;
				PRODUCT_BUNDLE_IDENTIFIER = void2610.FlytTests;
				PRODUCT_NAME = "$(TARGET_NAME)";
				SWIFT_EMIT_LOC_STRINGS = NO;
				SWIFT_VERSION = 5.0;
				TEST_HOST = "$(BUILT_PRODUCTS_DIR)/Flyt.app/$(BUNDLE_EXECUTABLE_FOLDER_PATH)/Flyt";
			};
			name = Release;
		};
		AE5D89E92EA790FE00C5A09C /* Debug */ = {
			isa = XCBuildConfiguration;
			buildSettings = {
				CODE_SIGN_STYLE = Automatic;
				CURRENT_PROJECT_VERSION = 1;
				GENERATE_INFOPLIST_FILE = YES;
				MARKETING_VERSION = 1.0;
				PRODUCT_BUNDLE_IDENTIFIER = void2610.FlytUITests;
				PRODUCT_NAME = "$(TARGET_NAME)";
				SWIFT_EMIT_LOC_STRINGS = NO;
				SWIFT_VERSION = 5.0;
				TEST_TARGET_NAME = Flyt;
			};
			name = Debug;
		};
		AE5D89EA2EA790FE00C5A09C /* Release */ = {
			isa = XCBuildConfiguration;
			buildSettings = {
				CODE_SIGN_STYLE = Automatic;
				CURRENT_PROJECT_VERSION = 1;
				GENERATE_INFOPLIST_FILE = YES;
				MARKETING_VERSION = 1.0;
				PRODUCT_BUNDLE_IDENTIFIER = void2610.FlytUITests;
				PRODUCT_NAME = "$(TARGET_NAME)";
				SWIFT_EMIT_LOC_STRINGS = NO;
				SWIFT_VERSION = 5.0;
				TEST_TARGET_NAME = Flyt;
			};
			name = Release;
		};
/* End XCBuildConfiguration section */

/* Begin XCConfigurationList section */
		AE5D89B62EA790FC00C5A09C /* Build configuration list for PBXProject "Flyt" */ = {
			isa = XCConfigurationList;
			buildConfigurations = (
				AE5D89E02EA790FE00C5A09C /* Debug */,
				AE5D89E12EA790FE00C5A09C /* Release */,
			);
			defaultConfigurationIsVisible = 0;
			defaultConfigurationName = Release;
		};
		AE5D89E22EA790FE00C5A09C /* Build configuration list for PBXNativeTarget "Flyt" */ = {
			isa = XCConfigurationList;
			buildConfigurations = (
				AE5D89E32EA790FE00C5A09C /* Debug */,
				AE5D89E42EA790FE00C5A09C /* Release */,
			);
			defaultConfigurationIsVisible = 0;
			defaultConfigurationName = Release;
		};
		AE5D89E52EA790FE00C5A09C /* Build configuration list for PBXNativeTarget "FlytTests" */ = {
			isa = XCConfigurationList;
			buildConfigurations = (
				AE5D89E62EA790FE00C5A09C /* Debug */,
				AE5D89E72EA790FE00C5A09C /* Release */,
			);
			defaultConfigurationIsVisible = 0;
			defaultConfigurationName = Release;
		};
		AE5D89E82EA790FE00C5A09C /* Build configuration list for PBXNativeTarget "FlytUITests" */ = {
			isa = XCConfigurationList;
			buildConfigurations = (
				AE5D89E92EA790FE00C5A09C /* Debug */,
				AE5D89EA2EA790FE00C5A09C /* Release */,
			);
			defaultConfigurationIsVisible = 0;
			defaultConfigurationName = Release;
		};
/* End XCConfigurationList section */

/* Begin XCRemoteSwiftPackageReference section */
		AE07E11C2EAE02A100113354 /* XCRemoteSwiftPackageReference "ColorSelector" */ = {
			isa = XCRemoteSwiftPackageReference;
			repositoryURL = "https://github.com/jaywcjlove/ColorSelector";
			requirement = {
				branch = main;
				kind = branch;
			};
		};
		AE0F5BAA2EAA058C00FD3427 /* XCRemoteSwiftPackageReference "supabase-swift" */ = {
			isa = XCRemoteSwiftPackageReference;
			repositoryURL = "https://github.com/supabase/supabase-swift";
			requirement = {
				kind = upToNextMajorVersion;
				minimumVersion = 2.5.1;
			};
		};
/* End XCRemoteSwiftPackageReference section */

/* Begin XCSwiftPackageProductDependency section */
		AE05F9822EAE055A00D726AC /* ColorSelector */ = {
			isa = XCSwiftPackageProductDependency;
			package = AE07E11C2EAE02A100113354 /* XCRemoteSwiftPackageReference "ColorSelector" */;
			productName = ColorSelector;
		};
		AE0F5BAB2EAA058C00FD3427 /* Auth */ = {
			isa = XCSwiftPackageProductDependency;
			package = AE0F5BAA2EAA058C00FD3427 /* XCRemoteSwiftPackageReference "supabase-swift" */;
			productName = Auth;
		};
		AE0F5BAD2EAA058C00FD3427 /* PostgREST */ = {
			isa = XCSwiftPackageProductDependency;
			package = AE0F5BAA2EAA058C00FD3427 /* XCRemoteSwiftPackageReference "supabase-swift" */;
			productName = PostgREST;
		};
		AE0F5BAF2EAA058C00FD3427 /* Realtime */ = {
			isa = XCSwiftPackageProductDependency;
			package = AE0F5BAA2EAA058C00FD3427 /* XCRemoteSwiftPackageReference "supabase-swift" */;
			productName = Realtime;
		};
		AE0F5BB12EAA058C00FD3427 /* Supabase */ = {
			isa = XCSwiftPackageProductDependency;
			package = AE0F5BAA2EAA058C00FD3427 /* XCRemoteSwiftPackageReference "supabase-swift" */;
			productName = Supabase;
		};
/* End XCSwiftPackageProductDependency section */
	};
	rootObject = AE5D89B32EA790FC00C5A09C /* Project object */;
}
